
Microsoft Visual Studio Solution File, Format Version 12.00
# Visual Studio Version 17
VisualStudioVersion = 17.4.33110.190
MinimumVisualStudioVersion = 10.0.40219.1
Project("{9A19103F-16F7-4668-BE54-9A1E7A4F7556}") = "MaryaWPF", "MaryaWPF\MaryaWPF.csproj", "{4E6AF68A-EF9E-4DB0-A4EF-146EEA2BF359}"
EndProject
Project("{9A19103F-16F7-4668-BE54-9A1E7A4F7556}") = "MaryaWPF.Library", "MaryaWPF.Library\MaryaWPF.Library.csproj", "{A0ECD496-D1FB-47BB-A50A-E5C50D00FFC6}"
EndProject
Project("{FAE04EC0-301F-11D3-BF4B-00C04F79EFBC}") = "TestProject", "TestProject\TestProject.csproj", "{326573F7-4CF1-4EAB-89F6-A953E8770076}"
EndProject
Global
	GlobalSection(SolutionConfigurationPlatforms) = preSolution
		Debug|Any CPU = Debug|Any CPU
		Release|Any CPU = Release|Any CPU
	EndGlobalSection
	GlobalSection(ProjectConfigurationPlatforms) = postSolution
		{4E6AF68A-EF9E-4DB0-A4EF-146EEA2BF359}.Debug|Any CPU.ActiveCfg = Debug|Any CPU
		{4E6AF68A-EF9E-4DB0-A4EF-146EEA2BF359}.Debug|Any CPU.Build.0 = Debug|Any CPU
		{4E6AF68A-EF9E-4DB0-A4EF-146EEA2BF359}.Release|Any CPU.ActiveCfg = Release|Any CPU
		{4E6AF68A-EF9E-4DB0-A4EF-146EEA2BF359}.Release|Any CPU.Build.0 = Release|Any CPU
		{A0ECD496-D1FB-47BB-A50A-E5C50D00FFC6}.Debug|Any CPU.ActiveCfg = Debug|Any CPU
		{A0ECD496-D1FB-47BB-A50A-E5C50D00FFC6}.Debug|Any CPU.Build.0 = Debug|Any CPU
		{A0ECD496-D1FB-47BB-A50A-E5C50D00FFC6}.Release|Any CPU.ActiveCfg = Release|Any CPU
		{A0ECD496-D1FB-47BB-A50A-E5C50D00FFC6}.Release|Any CPU.Build.0 = Release|Any CPU
		{326573F7-4CF1-4EAB-89F6-A953E8770076}.Debug|Any CPU.ActiveCfg = Debug|Any CPU
		{326573F7-4CF1-4EAB-89F6-A953E8770076}.Debug|Any CPU.Build.0 = Debug|Any CPU
		{326573F7-4CF1-4EAB-89F6-A953E8770076}.Release|Any CPU.ActiveCfg = Release|Any CPU
		{326573F7-4CF1-4EAB-89F6-A953E8770076}.Release|Any CPU.Build.0 = Release|Any CPU
	EndGlobalSection
	GlobalSection(SolutionProperties) = preSolution
		HideSolutionNode = FALSE
	EndGlobalSection
	GlobalSection(ExtensibilityGlobals) = postSolution
		SolutionGuid = {C6B06C37-3398-4AB9-BA53-BD9D142C8F85}
	EndGlobalSection
EndGlobal
